// !$*UTF8*$!
{
	archiveVersion = 1;
	classes = {
	};
	objectVersion = 50;
	objects = {

/* Begin PBXBuildFile section */
		2474DAABD30E1B6A35D47CFC /* Pods_Uberrr.framework in Frameworks */ = {isa = PBXBuildFile; fileRef = F67D8A0E81946A629E29D364 /* Pods_Uberrr.framework */; };
		847E545F21B84E9000145584 /* RiderVC.swift in Sources */ = {isa = PBXBuildFile; fileRef = 847E545E21B84E9000145584 /* RiderVC.swift */; };
		847E546321B8757C00145584 /* DriverVC.swift in Sources */ = {isa = PBXBuildFile; fileRef = 847E546221B8757C00145584 /* DriverVC.swift */; };
		847E546521B8872200145584 /* AcceptRequestVC.swift in Sources */ = {isa = PBXBuildFile; fileRef = 847E546421B8872200145584 /* AcceptRequestVC.swift */; };
		84FFF67721B81E4400244925 /* AppDelegate.swift in Sources */ = {isa = PBXBuildFile; fileRef = 84FFF67621B81E4400244925 /* AppDelegate.swift */; };
		84FFF67921B81E4400244925 /* ViewController.swift in Sources */ = {isa = PBXBuildFile; fileRef = 84FFF67821B81E4400244925 /* ViewController.swift */; };
		84FFF67C21B81E4400244925 /* Main.storyboard in Resources */ = {isa = PBXBuildFile; fileRef = 84FFF67A21B81E4400244925 /* Main.storyboard */; };
		84FFF67E21B81E4600244925 /* Assets.xcassets in Resources */ = {isa = PBXBuildFile; fileRef = 84FFF67D21B81E4600244925 /* Assets.xcassets */; };
		84FFF68121B81E4600244925 /* LaunchScreen.storyboard in Resources */ = {isa = PBXBuildFile; fileRef = 84FFF67F21B81E4600244925 /* LaunchScreen.storyboard */; };
		84FFF68921B831C900244925 /* GoogleService-Info.plist in Resources */ = {isa = PBXBuildFile; fileRef = 84FFF68821B831C900244925 /* GoogleService-Info.plist */; };
/* End PBXBuildFile section */

/* Begin PBXFileReference section */
		70ABF40DD7E7D64F5B645437 /* Pods-Uberrr.debug.xcconfig */ = {isa = PBXFileReference; includeInIndex = 1; lastKnownFileType = text.xcconfig; name = "Pods-Uberrr.debug.xcconfig"; path = "Pods/Target Support Files/Pods-Uberrr/Pods-Uberrr.debug.xcconfig"; sourceTree = "<group>"; };
		847E545E21B84E9000145584 /* RiderVC.swift */ = {isa = PBXFileReference; lastKnownFileType = sourcecode.swift; path = RiderVC.swift; sourceTree = "<group>"; };
		847E546221B8757C00145584 /* DriverVC.swift */ = {isa = PBXFileReference; lastKnownFileType = sourcecode.swift; path = DriverVC.swift; sourceTree = "<group>"; };
		847E546421B8872200145584 /* AcceptRequestVC.swift */ = {isa = PBXFileReference; lastKnownFileType = sourcecode.swift; path = AcceptRequestVC.swift; sourceTree = "<group>"; };
		84FFF67321B81E4400244925 /* Uberrr.app */ = {isa = PBXFileReference; explicitFileType = wrapper.application; includeInIndex = 0; path = Uberrr.app; sourceTree = BUILT_PRODUCTS_DIR; };
		84FFF67621B81E4400244925 /* AppDelegate.swift */ = {isa = PBXFileReference; lastKnownFileType = sourcecode.swift; path = AppDelegate.swift; sourceTree = "<group>"; };
		84FFF67821B81E4400244925 /* ViewController.swift */ = {isa = PBXFileReference; lastKnownFileType = sourcecode.swift; path = ViewController.swift; sourceTree = "<group>"; };
		84FFF67B21B81E4400244925 /* Base */ = {isa = PBXFileReference; lastKnownFileType = file.storyboard; name = Base; path = Base.lproj/Main.storyboard; sourceTree = "<group>"; };
		84FFF67D21B81E4600244925 /* Assets.xcassets */ = {isa = PBXFileReference; lastKnownFileType = folder.assetcatalog; path = Assets.xcassets; sourceTree = "<group>"; };
		84FFF68021B81E4600244925 /* Base */ = {isa = PBXFileReference; lastKnownFileType = file.storyboard; name = Base; path = Base.lproj/LaunchScreen.storyboard; sourceTree = "<group>"; };
		84FFF68221B81E4600244925 /* Info.plist */ = {isa = PBXFileReference; lastKnownFileType = text.plist.xml; path = Info.plist; sourceTree = "<group>"; };
		84FFF68821B831C900244925 /* GoogleService-Info.plist */ = {isa = PBXFileReference; fileEncoding = 4; lastKnownFileType = text.plist.xml; path = "GoogleService-Info.plist"; sourceTree = "<group>"; };
		F67D8A0E81946A629E29D364 /* Pods_Uberrr.framework */ = {isa = PBXFileReference; explicitFileType = wrapper.framework; includeInIndex = 0; path = Pods_Uberrr.framework; sourceTree = BUILT_PRODUCTS_DIR; };
		FE55E1427A3B93E288B407FF /* Pods-Uberrr.release.xcconfig */ = {isa = PBXFileReference; includeInIndex = 1; lastKnownFileType = text.xcconfig; name = "Pods-Uberrr.release.xcconfig"; path = "Pods/Target Support Files/Pods-Uberrr/Pods-Uberrr.release.xcconfig"; sourceTree = "<group>"; };
/* End PBXFileReference section */

/* Begin PBXFrameworksBuildPhase section */
		84FFF67021B81E4400244925 /* Frameworks */ = {
			isa = PBXFrameworksBuildPhase;
			buildActionMask = 2147483647;
			files = (
				2474DAABD30E1B6A35D47CFC /* Pods_Uberrr.framework in Frameworks */,
			);
			runOnlyForDeploymentPostprocessing = 0;
		};
/* End PBXFrameworksBuildPhase section */

/* Begin PBXGroup section */
		8187A1B59A1D7948C2D399C8 /* Frameworks */ = {
			isa = PBXGroup;
			children = (
				F67D8A0E81946A629E29D364 /* Pods_Uberrr.framework */,
			);
			name = Frameworks;
			sourceTree = "<group>";
		};
		84FFF66A21B81E4400244925 = {
			isa = PBXGroup;
			children = (
				84FFF67521B81E4400244925 /* Uberrr */,
				84FFF67421B81E4400244925 /* Products */,
				99457A5A73C83EB553EACD93 /* Pods */,
				8187A1B59A1D7948C2D399C8 /* Frameworks */,
			);
			sourceTree = "<group>";
		};
		84FFF67421B81E4400244925 /* Products */ = {
			isa = PBXGroup;
			children = (
				84FFF67321B81E4400244925 /* Uberrr.app */,
			);
			name = Products;
			sourceTree = "<group>";
		};
		84FFF67521B81E4400244925 /* Uberrr */ = {
			isa = PBXGroup;
			children = (
				84FFF67621B81E4400244925 /* AppDelegate.swift */,
				84FFF67821B81E4400244925 /* ViewController.swift */,
				847E545E21B84E9000145584 /* RiderVC.swift */,
				847E546221B8757C00145584 /* DriverVC.swift */,
				847E546421B8872200145584 /* AcceptRequestVC.swift */,
				84FFF67A21B81E4400244925 /* Main.storyboard */,
				84FFF67D21B81E4600244925 /* Assets.xcassets */,
				84FFF67F21B81E4600244925 /* LaunchScreen.storyboard */,
				84FFF68221B81E4600244925 /* Info.plist */,
				84FFF68821B831C900244925 /* GoogleService-Info.plist */,
			);
			path = Uberrr;
			sourceTree = "<group>";
		};
		99457A5A73C83EB553EACD93 /* Pods */ = {
			isa = PBXGroup;
			children = (
				70ABF40DD7E7D64F5B645437 /* Pods-Uberrr.debug.xcconfig */,
				FE55E1427A3B93E288B407FF /* Pods-Uberrr.release.xcconfig */,
			);
			name = Pods;
			sourceTree = "<group>";
		};
/* End PBXGroup section */

/* Begin PBXNativeTarget section */
		84FFF67221B81E4400244925 /* Uberrr */ = {
			isa = PBXNativeTarget;
			buildConfigurationList = 84FFF68521B81E4600244925 /* Build configuration list for PBXNativeTarget "Uberrr" */;
			buildPhases = (
				B1C8DE95F2B7E6A5BBCA7906 /* [CP] Check Pods Manifest.lock */,
				84FFF66F21B81E4400244925 /* Sources */,
				84FFF67021B81E4400244925 /* Frameworks */,
				84FFF67121B81E4400244925 /* Resources */,
				1A3B64AF77BD5503442F1353 /* [CP] Embed Pods Frameworks */,
			);
			buildRules = (
			);
			dependencies = (
			);
			name = Uberrr;
			productName = Uberrr;
			productReference = 84FFF67321B81E4400244925 /* Uberrr.app */;
			productType = "com.apple.product-type.application";
		};
/* End PBXNativeTarget section */

/* Begin PBXProject section */
		84FFF66B21B81E4400244925 /* Project object */ = {
			isa = PBXProject;
			attributes = {
				LastSwiftUpdateCheck = 1010;
				LastUpgradeCheck = 1010;
				ORGANIZATIONNAME = "Ramilia Imankulova";
				TargetAttributes = {
					84FFF67221B81E4400244925 = {
						CreatedOnToolsVersion = 10.1;
					};
				};
			};
			buildConfigurationList = 84FFF66E21B81E4400244925 /* Build configuration list for PBXProject "Uberrr" */;
			compatibilityVersion = "Xcode 9.3";
			developmentRegion = en;
			hasScannedForEncodings = 0;
			knownRegions = (
				en,
				Base,
			);
			mainGroup = 84FFF66A21B81E4400244925;
			productRefGroup = 84FFF67421B81E4400244925 /* Products */;
			projectDirPath = "";
			projectRoot = "";
			targets = (
				84FFF67221B81E4400244925 /* Uberrr */,
			);
		};
/* End PBXProject section */

/* Begin PBXResourcesBuildPhase section */
		84FFF67121B81E4400244925 /* Resources */ = {
			isa = PBXResourcesBuildPhase;
			buildActionMask = 2147483647;
			files = (
				84FFF68121B81E4600244925 /* LaunchScreen.storyboard in Resources */,
				84FFF68921B831C900244925 /* GoogleService-Info.plist in Resources */,
				84FFF67E21B81E4600244925 /* Assets.xcassets in Resources */,
				84FFF67C21B81E4400244925 /* Main.storyboard in Resources */,
			);
			runOnlyForDeploymentPostprocessing = 0;
		};
/* End PBXResourcesBuildPhase section */

/* Begin PBXShellScriptBuildPhase section */
		1A3B64AF77BD5503442F1353 /* [CP] Embed Pods Frameworks */ = {
			isa = PBXShellScriptBuildPhase;
			buildActionMask = 2147483647;
			files = (
			);
			inputFileListPaths = (
			);
			inputPaths = (
				"${SRCROOT}/Pods/Target Support Files/Pods-Uberrr/Pods-Uberrr-frameworks.sh",
				"${BUILT_PRODUCTS_DIR}/GTMSessionFetcher/GTMSessionFetcher.framework",
				"${BUILT_PRODUCTS_DIR}/GoogleUtilities/GoogleUtilities.framework",
				"${BUILT_PRODUCTS_DIR}/leveldb-library/leveldb.framework",
				"${BUILT_PRODUCTS_DIR}/nanopb/nanopb.framework",
			);
			name = "[CP] Embed Pods Frameworks";
			outputFileListPaths = (
			);
			outputPaths = (
				"${TARGET_BUILD_DIR}/${FRAMEWORKS_FOLDER_PATH}/GTMSessionFetcher.framework",
				"${TARGET_BUILD_DIR}/${FRAMEWORKS_FOLDER_PATH}/GoogleUtilities.framework",
				"${TARGET_BUILD_DIR}/${FRAMEWORKS_FOLDER_PATH}/leveldb.framework",
				"${TARGET_BUILD_DIR}/${FRAMEWORKS_FOLDER_PATH}/nanopb.framework",
			);
			runOnlyForDeploymentPostprocessing = 0;
			shellPath = /bin/sh;
			shellScript = "\"${SRCROOT}/Pods/Target Support Files/Pods-Uberrr/Pods-Uberrr-frameworks.sh\"\n";
			showEnvVarsInLog = 0;
		};
		B1C8DE95F2B7E6A5BBCA7906 /* [CP] Check Pods Manifest.lock */ = {
			isa = PBXShellScriptBuildPhase;
			buildActionMask = 2147483647;
			files = (
			);
			inputFileListPaths = (
			);
			inputPaths = (
				"${PODS_PODFILE_DIR_PATH}/Podfile.lock",
				"${PODS_ROOT}/Manifest.lock",
			);
			name = "[CP] Check Pods Manifest.lock";
			outputFileListPaths = (
			);
			outputPaths = (
				"$(DERIVED_FILE_DIR)/Pods-Uberrr-checkManifestLockResult.txt",
			);
			runOnlyForDeploymentPostprocessing = 0;
			shellPath = /bin/sh;
			shellScript = "diff \"${PODS_PODFILE_DIR_PATH}/Podfile.lock\" \"${PODS_ROOT}/Manifest.lock\" > /dev/null\nif [ $? != 0 ] ; then\n    # print error to STDERR\n    echo \"error: The sandbox is not in sync with the Podfile.lock. Run 'pod install' or update your CocoaPods installation.\" >&2\n    exit 1\nfi\n# This output is used by Xcode 'outputs' to avoid re-running this script phase.\necho \"SUCCESS\" > \"${SCRIPT_OUTPUT_FILE_0}\"\n";
			showEnvVarsInLog = 0;
		};
/* End PBXShellScriptBuildPhase section */

/* Begin PBXSourcesBuildPhase section */
		84FFF66F21B81E4400244925 /* Sources */ = {
			isa = PBXSourcesBuildPhase;
			buildActionMask = 2147483647;
			files = (
				847E546521B8872200145584 /* AcceptRequestVC.swift in Sources */,
				847E545F21B84E9000145584 /* RiderVC.swift in Sources */,
				84FFF67921B81E4400244925 /* ViewController.swift in Sources */,
				847E546321B8757C00145584 /* DriverVC.swift in Sources */,
				84FFF67721B81E4400244925 /* AppDelegate.swift in Sources */,
			);
			runOnlyForDeploymentPostprocessing = 0;
		};
/* End PBXSourcesBuildPhase section */

/* Begin PBXVariantGroup section */
		84FFF67A21B81E4400244925 /* Main.storyboard */ = {
			isa = PBXVariantGroup;
			children = (
				84FFF67B21B81E4400244925 /* Base */,
			);
			name = Main.storyboard;
			sourceTree = "<group>";
		};
		84FFF67F21B81E4600244925 /* LaunchScreen.storyboard */ = {
			isa = PBXVariantGroup;
			children = (
				84FFF68021B81E4600244925 /* Base */,
			);
			name = LaunchScreen.storyboard;
			sourceTree = "<group>";
		};
/* End PBXVariantGroup section */

/* Begin XCBuildConfiguration section */
		84FFF68321B81E4600244925 /* Debug */ = {
			isa = XCBuildConfiguration;
			buildSettings = {
				ALWAYS_SEARCH_USER_PATHS = NO;
				CLANG_ANALYZER_NONNULL = YES;
				CLANG_ANALYZER_NUMBER_OBJECT_CONVERSION = YES_AGGRESSIVE;
				CLANG_CXX_LANGUAGE_STANDARD = "gnu++14";
				CLANG_CXX_LIBRARY = "libc++";
				CLANG_ENABLE_MODULES = YES;
				CLANG_ENABLE_OBJC_ARC = YES;
				CLANG_ENABLE_OBJC_WEAK = YES;
				CLANG_WARN_BLOCK_CAPTURE_AUTORELEASING = YES;
				CLANG_WARN_BOOL_CONVERSION = YES;
				CLANG_WARN_COMMA = YES;
				CLANG_WARN_CONSTANT_CONVERSION = YES;
				CLANG_WARN_DEPRECATED_OBJC_IMPLEMENTATIONS = YES;
				CLANG_WARN_DIRECT_OBJC_ISA_USAGE = YES_ERROR;
				CLANG_WARN_DOCUMENTATION_COMMENTS = YES;
				CLANG_WARN_EMPTY_BODY = YES;
				CLANG_WARN_ENUM_CONVERSION = YES;
				CLANG_WARN_INFINITE_RECURSION = YES;
				CLANG_WARN_INT_CONVERSION = YES;
				CLANG_WARN_NON_LITERAL_NULL_CONVERSION = YES;
				CLANG_WARN_OBJC_IMPLICIT_RETAIN_SELF = YES;
				CLANG_WARN_OBJC_LITERAL_CONVERSION = YES;
				CLANG_WARN_OBJC_ROOT_CLASS = YES_ERROR;
				CLANG_WARN_RANGE_LOOP_ANALYSIS = YES;
				CLANG_WARN_STRICT_PROTOTYPES = YES;
				CLANG_WARN_SUSPICIOUS_MOVE = YES;
				CLANG_WARN_UNGUARDED_AVAILABILITY = YES_AGGRESSIVE;
				CLANG_WARN_UNREACHABLE_CODE = YES;
				CLANG_WARN__DUPLICATE_METHOD_MATCH = YES;
				CODE_SIGN_IDENTITY = "iPhone Developer";
				COPY_PHASE_STRIP = NO;
				DEBUG_INFORMATION_FORMAT = dwarf;
				ENABLE_STRICT_OBJC_MSGSEND = YES;
				ENABLE_TESTABILITY = YES;
				GCC_C_LANGUAGE_STANDARD = gnu11;
				GCC_DYNAMIC_NO_PIC = NO;
				GCC_NO_COMMON_BLOCKS = YES;
				GCC_OPTIMIZATION_LEVEL = 0;
				GCC_PREPROCESSOR_DEFINITIONS = (
					"DEBUG=1",
					"$(inherited)",
				);
				GCC_WARN_64_TO_32_BIT_CONVERSION = YES;
				GCC_WARN_ABOUT_RETURN_TYPE = YES_ERROR;
				GCC_WARN_UNDECLARED_SELECTOR = YES;
				GCC_WARN_UNINITIALIZED_AUTOS = YES_AGGRESSIVE;
				GCC_WARN_UNUSED_FUNCTION = YES;
				GCC_WARN_UNUSED_VARIABLE = YES;
				IPHONEOS_DEPLOYMENT_TARGET = 12.1;
				MTL_ENABLE_DEBUG_INFO = INCLUDE_SOURCE;
				MTL_FAST_MATH = YES;
				ONLY_ACTIVE_ARCH = YES;
				SDKROOT = iphoneos;
				SWIFT_ACTIVE_COMPILATION_CONDITIONS = DEBUG;
				SWIFT_OPTIMIZATION_LEVEL = "-Onone";
			};
			name = Debug;
		};
		84FFF68421B81E4600244925 /* Release */ = {
			isa = XCBuildConfiguration;
			buildSettings = {
				ALWAYS_SEARCH_USER_PATHS = NO;
				CLANG_ANALYZER_NONNULL = YES;
				CLANG_ANALYZER_NUMBER_OBJECT_CONVERSION = YES_AGGRESSIVE;
				CLANG_CXX_LANGUAGE_STANDARD = "gnu++14";
				CLANG_CXX_LIBRARY = "libc++";
				CLANG_ENABLE_MODULES = YES;
				CLANG_ENABLE_OBJC_ARC = YES;
				CLANG_ENABLE_OBJC_WEAK = YES;
				CLANG_WARN_BLOCK_CAPTURE_AUTORELEASING = YES;
				CLANG_WARN_BOOL_CONVERSION = YES;
				CLANG_WARN_COMMA = YES;
				CLANG_WARN_CONSTANT_CONVERSION = YES;
				CLANG_WARN_DEPRECATED_OBJC_IMPLEMENTATIONS = YES;
				CLANG_WARN_DIRECT_OBJC_ISA_USAGE = YES_ERROR;
				CLANG_WARN_DOCUMENTATION_COMMENTS = YES;
				CLANG_WARN_EMPTY_BODY = YES;
				CLANG_WARN_ENUM_CONVERSION = YES;
				CLANG_WARN_INFINITE_RECURSION = YES;
				CLANG_WARN_INT_CONVERSION = YES;
				CLANG_WARN_NON_LITERAL_NULL_CONVERSION = YES;
				CLANG_WARN_OBJC_IMPLICIT_RETAIN_SELF = YES;
				CLANG_WARN_OBJC_LITERAL_CONVERSION = YES;
				CLANG_WARN_OBJC_ROOT_CLASS = YES_ERROR;
				CLANG_WARN_RANGE_LOOP_ANALYSIS = YES;
				CLANG_WARN_STRICT_PROTOTYPES = YES;
				CLANG_WARN_SUSPICIOUS_MOVE = YES;
				CLANG_WARN_UNGUARDED_AVAILABILITY = YES_AGGRESSIVE;
				CLANG_WARN_UNREACHABLE_CODE = YES;
				CLANG_WARN__DUPLICATE_METHOD_MATCH = YES;
				CODE_SIGN_IDENTITY = "iPhone Developer";
				COPY_PHASE_STRIP = NO;
				DEBUG_INFORMATION_FORMAT = "dwarf-with-dsym";
				ENABLE_NS_ASSERTIONS = NO;
				ENABLE_STRICT_OBJC_MSGSEND = YES;
				GCC_C_LANGUAGE_STANDARD = gnu11;
				GCC_NO_COMMON_BLOCKS = YES;
				GCC_WARN_64_TO_32_BIT_CONVERSION = YES;
				GCC_WARN_ABOUT_RETURN_TYPE = YES_ERROR;
				GCC_WARN_UNDECLARED_SELECTOR = YES;
				GCC_WARN_UNINITIALIZED_AUTOS = YES_AGGRESSIVE;
				GCC_WARN_UNUSED_FUNCTION = YES;
				GCC_WARN_UNUSED_VARIABLE = YES;
				IPHONEOS_DEPLOYMENT_TARGET = 12.1;
				MTL_ENABLE_DEBUG_INFO = NO;
				MTL_FAST_MATH = YES;
				SDKROOT = iphoneos;
				SWIFT_COMPILATION_MODE = wholemodule;
				SWIFT_OPTIMIZATION_LEVEL = "-O";
				VALIDATE_PRODUCT = YES;
			};
			name = Release;
		};
		84FFF68621B81E4600244925 /* Debug */ = {
			isa = XCBuildConfiguration;
			baseConfigurationReference = 70ABF40DD7E7D64F5B645437 /* Pods-Uberrr.debug.xcconfig */;
			buildSettings = {
				ASSETCATALOG_COMPILER_APPICON_NAME = AppIcon;
				CODE_SIGN_STYLE = Automatic;
				INFOPLIST_FILE = Uberrr/Info.plist;
				LD_RUNPATH_SEARCH_PATHS = (
					"$(inherited)",
					"@executable_path/Frameworks",
				);
				PRODUCT_BUNDLE_IDENTIFIER = com.ramiliaimankulova.Uberrr;
				PRODUCT_NAME = "$(TARGET_NAME)";
				SWIFT_VERSION = 4.2;
				TARGETED_DEVICE_FAMILY = "1,2";
			};
			name = Debug;
		};
		84FFF68721B81E4600244925 /* Release */ = {
			isa = XCBuildConfiguration;
			baseConfigurationReference = FE55E1427A3B93E288B407FF /* Pods-Uberrr.release.xcconfig */;
			buildSettings = {
				ASSETCATALOG_COMPILER_APPICON_NAME = AppIcon;
				CODE_SIGN_STYLE = Automatic;
				INFOPLIST_FILE = Uberrr/Info.plist;
				LD_RUNPATH_SEARCH_PATHS = (
					"$(inherited)",
					"@executable_path/Frameworks",
				);
				PRODUCT_BUNDLE_IDENTIFIER = com.ramiliaimankulova.Uberrr;
				PRODUCT_NAME = "$(TARGET_NAME)";
				SWIFT_VERSION = 4.2;
				TARGETED_DEVICE_FAMILY = "1,2";
			};
			name = Release;
		};
/* End XCBuildConfiguration section */

/* Begin XCConfigurationList section */
		84FFF66E21B81E4400244925 /* Build configuration list for PBXProject "Uberrr" */ = {
			isa = XCConfigurationList;
			buildConfigurations = (
				84FFF68321B81E4600244925 /* Debug */,
				84FFF68421B81E4600244925 /* Release */,
			);
			defaultConfigurationIsVisible = 0;
			defaultConfigurationName = Release;
		};
		84FFF68521B81E4600244925 /* Build configuration list for PBXNativeTarget "Uberrr" */ = {
			isa = XCConfigurationList;
			buildConfigurations = (
				84FFF68621B81E4600244925 /* Debug */,
				84FFF68721B81E4600244925 /* Release */,
			);
			defaultConfigurationIsVisible = 0;
			defaultConfigurationName = Release;
		};
/* End XCConfigurationList section */
	};
	rootObject = 84FFF66B21B81E4400244925 /* Project object */;
}
